
Microsoft Visual Studio Solution File, Format Version 12.00
# Visual Studio Version 17
VisualStudioVersion = 17.3.32901.215
MinimumVisualStudioVersion = 10.0.40219.1
Project("{FAE04EC0-301F-11D3-BF4B-00C04F79EFBC}") = "SquareLib", "SquareLib.csproj", "{629E820F-3647-4CB7-8FE0-A1EAC950EDEF}"
EndProject
Project("{FAE04EC0-301F-11D3-BF4B-00C04F79EFBC}") = "SquareLibTests", "..\SquareLibTests\SquareLibTests.csproj", "{C80FDFDE-8FF2-47EE-8A67-372799FCC315}"
EndProject
Global
	GlobalSection(SolutionConfigurationPlatforms) = preSolution
		Debug|Any CPU = Debug|Any CPU
		Release|Any CPU = Release|Any CPU
	EndGlobalSection
	GlobalSection(ProjectConfigurationPlatforms) = postSolution
		{629E820F-3647-4CB7-8FE0-A1EAC950EDEF}.Debug|Any CPU.ActiveCfg = Debug|Any CPU
		{629E820F-3647-4CB7-8FE0-A1EAC950EDEF}.Debug|Any CPU.Build.0 = Debug|Any CPU
		{629E820F-3647-4CB7-8FE0-A1EAC950EDEF}.Release|Any CPU.ActiveCfg = Release|Any CPU
		{629E820F-3647-4CB7-8FE0-A1EAC950EDEF}.Release|Any CPU.Build.0 = Release|Any CPU
		{C80FDFDE-8FF2-47EE-8A67-372799FCC315}.Debug|Any CPU.ActiveCfg = Debug|Any CPU
		{C80FDFDE-8FF2-47EE-8A67-372799FCC315}.Debug|Any CPU.Build.0 = Debug|Any CPU
		{C80FDFDE-8FF2-47EE-8A67-372799FCC315}.Release|Any CPU.ActiveCfg = Release|Any CPU
		{C80FDFDE-8FF2-47EE-8A67-372799FCC315}.Release|Any CPU.Build.0 = Release|Any CPU
	EndGlobalSection
	GlobalSection(SolutionProperties) = preSolution
		HideSolutionNode = FALSE
	EndGlobalSection
	GlobalSection(ExtensibilityGlobals) = postSolution
		SolutionGuid = {E014CBA1-63C0-4634-8AE1-CD45960E0D3B}
	EndGlobalSection
EndGlobal
